// !$*UTF8*$!
{
	archiveVersion = 1;
	classes = {
	};
	objectVersion = 46;
	objects = {

/* Begin PBXBuildFile section */
		35BA6FA41AAEA189006BC4C2 /* main.m in Sources */ = {isa = PBXBuildFile; fileRef = 35BA6FA31AAEA189006BC4C2 /* main.m */; };
		35BA6FA71AAEA189006BC4C2 /* AppDelegate.m in Sources */ = {isa = PBXBuildFile; fileRef = 35BA6FA61AAEA189006BC4C2 /* AppDelegate.m */; };
		35BA6FAA1AAEA189006BC4C2 /* ViewController.m in Sources */ = {isa = PBXBuildFile; fileRef = 35BA6FA91AAEA189006BC4C2 /* ViewController.m */; };
		35BA6FAD1AAEA189006BC4C2 /* Main.storyboard in Resources */ = {isa = PBXBuildFile; fileRef = 35BA6FAB1AAEA189006BC4C2 /* Main.storyboard */; };
		35BA6FAF1AAEA189006BC4C2 /* Images.xcassets in Resources */ = {isa = PBXBuildFile; fileRef = 35BA6FAE1AAEA189006BC4C2 /* Images.xcassets */; };
		35BA6FB21AAEA189006BC4C2 /* LaunchScreen.xib in Resources */ = {isa = PBXBuildFile; fileRef = 35BA6FB01AAEA189006BC4C2 /* LaunchScreen.xib */; };
		35BA6FBE1AAEA18A006BC4C2 /* MockupStoryboardTests.m in Sources */ = {isa = PBXBuildFile; fileRef = 35BA6FBD1AAEA18A006BC4C2 /* MockupStoryboardTests.m */; };
		35BA6FC81AAEADA4006BC4C2 /* ProyectoMoviles.storyboard in Resources */ = {isa = PBXBuildFile; fileRef = 35BA6FC71AAEADA4006BC4C2 /* ProyectoMoviles.storyboard */; };
/* End PBXBuildFile section */

/* Begin PBXContainerItemProxy section */
		35BA6FB81AAEA18A006BC4C2 /* PBXContainerItemProxy */ = {
			isa = PBXContainerItemProxy;
			containerPortal = 35BA6F961AAEA189006BC4C2 /* Project object */;
			proxyType = 1;
			remoteGlobalIDString = 35BA6F9D1AAEA189006BC4C2;
			remoteInfo = MockupStoryboard;
		};
/* End PBXContainerItemProxy section */

/* Begin PBXFileReference section */
		35BA6F9E1AAEA189006BC4C2 /* MockupStoryboard.app */ = {isa = PBXFileReference; explicitFileType = wrapper.application; includeInIndex = 0; path = MockupStoryboard.app; sourceTree = BUILT_PRODUCTS_DIR; };
		35BA6FA21AAEA189006BC4C2 /* Info.plist */ = {isa = PBXFileReference; lastKnownFileType = text.plist.xml; path = Info.plist; sourceTree = "<group>"; };
		35BA6FA31AAEA189006BC4C2 /* main.m */ = {isa = PBXFileReference; lastKnownFileType = sourcecode.c.objc; path = main.m; sourceTree = "<group>"; };
		35BA6FA51AAEA189006BC4C2 /* AppDelegate.h */ = {isa = PBXFileReference; lastKnownFileType = sourcecode.c.h; path = AppDelegate.h; sourceTree = "<group>"; };
		35BA6FA61AAEA189006BC4C2 /* AppDelegate.m */ = {isa = PBXFileReference; lastKnownFileType = sourcecode.c.objc; path = AppDelegate.m; sourceTree = "<group>"; };
		35BA6FA81AAEA189006BC4C2 /* ViewController.h */ = {isa = PBXFileReference; lastKnownFileType = sourcecode.c.h; path = ViewController.h; sourceTree = "<group>"; };
		35BA6FA91AAEA189006BC4C2 /* ViewController.m */ = {isa = PBXFileReference; lastKnownFileType = sourcecode.c.objc; path = ViewController.m; sourceTree = "<group>"; };
		35BA6FAC1AAEA189006BC4C2 /* Base */ = {isa = PBXFileReference; lastKnownFileType = file.storyboard; name = Base; path = Base.lproj/Main.storyboard; sourceTree = "<group>"; };
		35BA6FAE1AAEA189006BC4C2 /* Images.xcassets */ = {isa = PBXFileReference; lastKnownFileType = folder.assetcatalog; path = Images.xcassets; sourceTree = "<group>"; };
		35BA6FB11AAEA189006BC4C2 /* Base */ = {isa = PBXFileReference; lastKnownFileType = file.xib; name = Base; path = Base.lproj/LaunchScreen.xib; sourceTree = "<group>"; };
		35BA6FB71AAEA18A006BC4C2 /* MockupStoryboardTests.xctest */ = {isa = PBXFileReference; explicitFileType = wrapper.cfbundle; includeInIndex = 0; path = MockupStoryboardTests.xctest; sourceTree = BUILT_PRODUCTS_DIR; };
		35BA6FBC1AAEA18A006BC4C2 /* Info.plist */ = {isa = PBXFileReference; lastKnownFileType = text.plist.xml; path = Info.plist; sourceTree = "<group>"; };
		35BA6FBD1AAEA18A006BC4C2 /* MockupStoryboardTests.m */ = {isa = PBXFileReference; lastKnownFileType = sourcecode.c.objc; path = MockupStoryboardTests.m; sourceTree = "<group>"; };
		35BA6FC71AAEADA4006BC4C2 /* ProyectoMoviles.storyboard */ = {isa = PBXFileReference; fileEncoding = 4; lastKnownFileType = file.storyboard; path = ProyectoMoviles.storyboard; sourceTree = "<group>"; };
/* End PBXFileReference section */

/* Begin PBXFrameworksBuildPhase section */
		35BA6F9B1AAEA189006BC4C2 /* Frameworks */ = {
			isa = PBXFrameworksBuildPhase;
			buildActionMask = 2147483647;
			files = (
			);
			runOnlyForDeploymentPostprocessing = 0;
		};
		35BA6FB41AAEA18A006BC4C2 /* Frameworks */ = {
			isa = PBXFrameworksBuildPhase;
			buildActionMask = 2147483647;
			files = (
			);
			runOnlyForDeploymentPostprocessing = 0;
		};
/* End PBXFrameworksBuildPhase section */

/* Begin PBXGroup section */
		35BA6F951AAEA189006BC4C2 = {
			isa = PBXGroup;
			children = (
				35BA6FA01AAEA189006BC4C2 /* MockupStoryboard */,
				35BA6FBA1AAEA18A006BC4C2 /* MockupStoryboardTests */,
				35BA6F9F1AAEA189006BC4C2 /* Products */,
			);
			sourceTree = "<group>";
		};
		35BA6F9F1AAEA189006BC4C2 /* Products */ = {
			isa = PBXGroup;
			children = (
				35BA6F9E1AAEA189006BC4C2 /* MockupStoryboard.app */,
				35BA6FB71AAEA18A006BC4C2 /* MockupStoryboardTests.xctest */,
			);
			name = Products;
			sourceTree = "<group>";
		};
		35BA6FA01AAEA189006BC4C2 /* MockupStoryboard */ = {
			isa = PBXGroup;
			children = (
				35BA6FA51AAEA189006BC4C2 /* AppDelegate.h */,
				35BA6FA61AAEA189006BC4C2 /* AppDelegate.m */,
				35BA6FA81AAEA189006BC4C2 /* ViewController.h */,
				35BA6FA91AAEA189006BC4C2 /* ViewController.m */,
				35BA6FC71AAEADA4006BC4C2 /* ProyectoMoviles.storyboard */,
				35BA6FAB1AAEA189006BC4C2 /* Main.storyboard */,
				35BA6FAE1AAEA189006BC4C2 /* Images.xcassets */,
				35BA6FB01AAEA189006BC4C2 /* LaunchScreen.xib */,
				35BA6FA11AAEA189006BC4C2 /* Supporting Files */,
			);
			path = MockupStoryboard;
			sourceTree = "<group>";
		};
		35BA6FA11AAEA189006BC4C2 /* Supporting Files */ = {
			isa = PBXGroup;
			children = (
				35BA6FA21AAEA189006BC4C2 /* Info.plist */,
				35BA6FA31AAEA189006BC4C2 /* main.m */,
			);
			name = "Supporting Files";
			sourceTree = "<group>";
		};
		35BA6FBA1AAEA18A006BC4C2 /* MockupStoryboardTests */ = {
			isa = PBXGroup;
			children = (
				35BA6FBD1AAEA18A006BC4C2 /* MockupStoryboardTests.m */,
				35BA6FBB1AAEA18A006BC4C2 /* Supporting Files */,
			);
			path = MockupStoryboardTests;
			sourceTree = "<group>";
		};
		35BA6FBB1AAEA18A006BC4C2 /* Supporting Files */ = {
			isa = PBXGroup;
			children = (
				35BA6FBC1AAEA18A006BC4C2 /* Info.plist */,
			);
			name = "Supporting Files";
			sourceTree = "<group>";
		};
/* End PBXGroup section */

/* Begin PBXNativeTarget section */
		35BA6F9D1AAEA189006BC4C2 /* MockupStoryboard */ = {
			isa = PBXNativeTarget;
			buildConfigurationList = 35BA6FC11AAEA18A006BC4C2 /* Build configuration list for PBXNativeTarget "MockupStoryboard" */;
			buildPhases = (
				35BA6F9A1AAEA189006BC4C2 /* Sources */,
				35BA6F9B1AAEA189006BC4C2 /* Frameworks */,
				35BA6F9C1AAEA189006BC4C2 /* Resources */,
			);
			buildRules = (
			);
			dependencies = (
			);
			name = MockupStoryboard;
			productName = MockupStoryboard;
			productReference = 35BA6F9E1AAEA189006BC4C2 /* MockupStoryboard.app */;
			productType = "com.apple.product-type.application";
		};
		35BA6FB61AAEA18A006BC4C2 /* MockupStoryboardTests */ = {
			isa = PBXNativeTarget;
			buildConfigurationList = 35BA6FC41AAEA18A006BC4C2 /* Build configuration list for PBXNativeTarget "MockupStoryboardTests" */;
			buildPhases = (
				35BA6FB31AAEA18A006BC4C2 /* Sources */,
				35BA6FB41AAEA18A006BC4C2 /* Frameworks */,
				35BA6FB51AAEA18A006BC4C2 /* Resources */,
			);
			buildRules = (
			);
			dependencies = (
				35BA6FB91AAEA18A006BC4C2 /* PBXTargetDependency */,
			);
			name = MockupStoryboardTests;
			productName = MockupStoryboardTests;
			productReference = 35BA6FB71AAEA18A006BC4C2 /* MockupStoryboardTests.xctest */;
			productType = "com.apple.product-type.bundle.unit-test";
		};
/* End PBXNativeTarget section */

/* Begin PBXProject section */
		35BA6F961AAEA189006BC4C2 /* Project object */ = {
			isa = PBXProject;
			attributes = {
				LastUpgradeCheck = 0610;
				ORGANIZATIONNAME = "José Alberto Esquivel";
				TargetAttributes = {
					35BA6F9D1AAEA189006BC4C2 = {
						CreatedOnToolsVersion = 6.1.1;
					};
					35BA6FB61AAEA18A006BC4C2 = {
						CreatedOnToolsVersion = 6.1.1;
						TestTargetID = 35BA6F9D1AAEA189006BC4C2;
					};
				};
			};
			buildConfigurationList = 35BA6F991AAEA189006BC4C2 /* Build configuration list for PBXProject "MockupStoryboard" */;
			compatibilityVersion = "Xcode 3.2";
			developmentRegion = English;
			hasScannedForEncodings = 0;
			knownRegions = (
				en,
				Base,
			);
			mainGroup = 35BA6F951AAEA189006BC4C2;
			productRefGroup = 35BA6F9F1AAEA189006BC4C2 /* Products */;
			projectDirPath = "";
			projectRoot = "";
			targets = (
				35BA6F9D1AAEA189006BC4C2 /* MockupStoryboard */,
				35BA6FB61AAEA18A006BC4C2 /* MockupStoryboardTests */,
			);
		};
/* End PBXProject section */

/* Begin PBXResourcesBuildPhase section */
		35BA6F9C1AAEA189006BC4C2 /* Resources */ = {
			isa = PBXResourcesBuildPhase;
			buildActionMask = 2147483647;
			files = (
				35BA6FAD1AAEA189006BC4C2 /* Main.storyboard in Resources */,
				35BA6FC81AAEADA4006BC4C2 /* ProyectoMoviles.storyboard in Resources */,
				35BA6FB21AAEA189006BC4C2 /* LaunchScreen.xib in Resources */,
				35BA6FAF1AAEA189006BC4C2 /* Images.xcassets in Resources */,
			);
			runOnlyForDeploymentPostprocessing = 0;
		};
		35BA6FB51AAEA18A006BC4C2 /* Resources */ = {
			isa = PBXResourcesBuildPhase;
			buildActionMask = 2147483647;
			files = (
			);
			runOnlyForDeploymentPostprocessing = 0;
		};
/* End PBXResourcesBuildPhase section */

/* Begin PBXSourcesBuildPhase section */
		35BA6F9A1AAEA189006BC4C2 /* Sources */ = {
			isa = PBXSourcesBuildPhase;
			buildActionMask = 2147483647;
			files = (
				35BA6FAA1AAEA189006BC4C2 /* ViewController.m in Sources */,
				35BA6FA71AAEA189006BC4C2 /* AppDelegate.m in Sources */,
				35BA6FA41AAEA189006BC4C2 /* main.m in Sources */,
			);
			runOnlyForDeploymentPostprocessing = 0;
		};
		35BA6FB31AAEA18A006BC4C2 /* Sources */ = {
			isa = PBXSourcesBuildPhase;
			buildActionMask = 2147483647;
			files = (
				35BA6FBE1AAEA18A006BC4C2 /* MockupStoryboardTests.m in Sources */,
			);
			runOnlyForDeploymentPostprocessing = 0;
		};
/* End PBXSourcesBuildPhase section */

/* Begin PBXTargetDependency section */
		35BA6FB91AAEA18A006BC4C2 /* PBXTargetDependency */ = {
			isa = PBXTargetDependency;
			target = 35BA6F9D1AAEA189006BC4C2 /* MockupStoryboard */;
			targetProxy = 35BA6FB81AAEA18A006BC4C2 /* PBXContainerItemProxy */;
		};
/* End PBXTargetDependency section */

/* Begin PBXVariantGroup section */
		35BA6FAB1AAEA189006BC4C2 /* Main.storyboard */ = {
			isa = PBXVariantGroup;
			children = (
				35BA6FAC1AAEA189006BC4C2 /* Base */,
			);
			name = Main.storyboard;
			sourceTree = "<group>";
		};
		35BA6FB01AAEA189006BC4C2 /* LaunchScreen.xib */ = {
			isa = PBXVariantGroup;
			children = (
				35BA6FB11AAEA189006BC4C2 /* Base */,
			);
			name = LaunchScreen.xib;
			sourceTree = "<group>";
		};
/* End PBXVariantGroup section */

/* Begin XCBuildConfiguration section */
		35BA6FBF1AAEA18A006BC4C2 /* Debug */ = {
			isa = XCBuildConfiguration;
			buildSettings = {
				ALWAYS_SEARCH_USER_PATHS = NO;
				CLANG_CXX_LANGUAGE_STANDARD = "gnu++0x";
				CLANG_CXX_LIBRARY = "libc++";
				CLANG_ENABLE_MODULES = YES;
				CLANG_ENABLE_OBJC_ARC = YES;
				CLANG_WARN_BOOL_CONVERSION = YES;
				CLANG_WARN_CONSTANT_CONVERSION = YES;
				CLANG_WARN_DIRECT_OBJC_ISA_USAGE = YES_ERROR;
				CLANG_WARN_EMPTY_BODY = YES;
				CLANG_WARN_ENUM_CONVERSION = YES;
				CLANG_WARN_INT_CONVERSION = YES;
				CLANG_WARN_OBJC_ROOT_CLASS = YES_ERROR;
				CLANG_WARN_UNREACHABLE_CODE = YES;
				CLANG_WARN__DUPLICATE_METHOD_MATCH = YES;
				"CODE_SIGN_IDENTITY[sdk=iphoneos*]" = "iPhone Developer";
				COPY_PHASE_STRIP = NO;
				ENABLE_STRICT_OBJC_MSGSEND = YES;
				GCC_C_LANGUAGE_STANDARD = gnu99;
				GCC_DYNAMIC_NO_PIC = NO;
				GCC_OPTIMIZATION_LEVEL = 0;
				GCC_PREPROCESSOR_DEFINITIONS = (
					"DEBUG=1",
					"$(inherited)",
				);
				GCC_SYMBOLS_PRIVATE_EXTERN = NO;
				GCC_WARN_64_TO_32_BIT_CONVERSION = YES;
				GCC_WARN_ABOUT_RETURN_TYPE = YES_ERROR;
				GCC_WARN_UNDECLARED_SELECTOR = YES;
				GCC_WARN_UNINITIALIZED_AUTOS = YES_AGGRESSIVE;
				GCC_WARN_UNUSED_FUNCTION = YES;
				GCC_WARN_UNUSED_VARIABLE = YES;
				IPHONEOS_DEPLOYMENT_TARGET = 8.1;
				MTL_ENABLE_DEBUG_INFO = YES;
				ONLY_ACTIVE_ARCH = YES;
				SDKROOT = iphoneos;
			};
			name = Debug;
		};
		35BA6FC01AAEA18A006BC4C2 /* Release */ = {
			isa = XCBuildConfiguration;
			buildSettings = {
				ALWAYS_SEARCH_USER_PATHS = NO;
				CLANG_CXX_LANGUAGE_STANDARD = "gnu++0x";
				CLANG_CXX_LIBRARY = "libc++";
				CLANG_ENABLE_MODULES = YES;
				CLANG_ENABLE_OBJC_ARC = YES;
				CLANG_WARN_BOOL_CONVERSION = YES;
				CLANG_WARN_CONSTANT_CONVERSION = YES;
				CLANG_WARN_DIRECT_OBJC_ISA_USAGE = YES_ERROR;
				CLANG_WARN_EMPTY_BODY = YES;
				CLANG_WARN_ENUM_CONVERSION = YES;
				CLANG_WARN_INT_CONVERSION = YES;
				CLANG_WARN_OBJC_ROOT_CLASS = YES_ERROR;
				CLANG_WARN_UNREACHABLE_CODE = YES;
				CLANG_WARN__DUPLICATE_METHOD_MATCH = YES;
				"CODE_SIGN_IDENTITY[sdk=iphoneos*]" = "iPhone Developer";
				COPY_PHASE_STRIP = YES;
				ENABLE_NS_ASSERTIONS = NO;
				ENABLE_STRICT_OBJC_MSGSEND = YES;
				GCC_C_LANGUAGE_STANDARD = gnu99;
				GCC_WARN_64_TO_32_BIT_CONVERSION = YES;
				GCC_WARN_ABOUT_RETURN_TYPE = YES_ERROR;
				GCC_WARN_UNDECLARED_SELECTOR = YES;
				GCC_WARN_UNINITIALIZED_AUTOS = YES_AGGRESSIVE;
				GCC_WARN_UNUSED_FUNCTION = YES;
				GCC_WARN_UNUSED_VARIABLE = YES;
				IPHONEOS_DEPLOYMENT_TARGET = 8.1;
				MTL_ENABLE_DEBUG_INFO = NO;
				SDKROOT = iphoneos;
				VALIDATE_PRODUCT = YES;
			};
			name = Release;
		};
		35BA6FC21AAEA18A006BC4C2 /* Debug */ = {
			isa = XCBuildConfiguration;
			buildSettings = {
				ASSETCATALOG_COMPILER_APPICON_NAME = AppIcon;
				INFOPLIST_FILE = MockupStoryboard/Info.plist;
				LD_RUNPATH_SEARCH_PATHS = "$(inherited) @executable_path/Frameworks";
				PRODUCT_NAME = "$(TARGET_NAME)";
			};
			name = Debug;
		};
		35BA6FC31AAEA18A006BC4C2 /* Release */ = {
			isa = XCBuildConfiguration;
			buildSettings = {
				ASSETCATALOG_COMPILER_APPICON_NAME = AppIcon;
				INFOPLIST_FILE = MockupStoryboard/Info.plist;
				LD_RUNPATH_SEARCH_PATHS = "$(inherited) @executable_path/Frameworks";
				PRODUCT_NAME = "$(TARGET_NAME)";
			};
			name = Release;
		};
		35BA6FC51AAEA18A006BC4C2 /* Debug */ = {
			isa = XCBuildConfiguration;
			buildSettings = {
				BUNDLE_LOADER = "$(TEST_HOST)";
				FRAMEWORK_SEARCH_PATHS = (
					"$(SDKROOT)/Developer/Library/Frameworks",
					"$(inherited)",
				);
				GCC_PREPROCESSOR_DEFINITIONS = (
					"DEBUG=1",
					"$(inherited)",
				);
				INFOPLIST_FILE = MockupStoryboardTests/Info.plist;
				LD_RUNPATH_SEARCH_PATHS = "$(inherited) @executable_path/Frameworks @loader_path/Frameworks";
				PRODUCT_NAME = "$(TARGET_NAME)";
				TEST_HOST = "$(BUILT_PRODUCTS_DIR)/MockupStoryboard.app/MockupStoryboard";
			};
			name = Debug;
		};
		35BA6FC61AAEA18A006BC4C2 /* Release */ = {
			isa = XCBuildConfiguration;
			buildSettings = {
				BUNDLE_LOADER = "$(TEST_HOST)";
				FRAMEWORK_SEARCH_PATHS = (
					"$(SDKROOT)/Developer/Library/Frameworks",
					"$(inherited)",
				);
				INFOPLIST_FILE = MockupStoryboardTests/Info.plist;
				LD_RUNPATH_SEARCH_PATHS = "$(inherited) @executable_path/Frameworks @loader_path/Frameworks";
				PRODUCT_NAME = "$(TARGET_NAME)";
				TEST_HOST = "$(BUILT_PRODUCTS_DIR)/MockupStoryboard.app/MockupStoryboard";
			};
			name = Release;
		};
/* End XCBuildConfiguration section */

/* Begin XCConfigurationList section */
		35BA6F991AAEA189006BC4C2 /* Build configuration list for PBXProject "MockupStoryboard" */ = {
			isa = XCConfigurationList;
			buildConfigurations = (
				35BA6FBF1AAEA18A006BC4C2 /* Debug */,
				35BA6FC01AAEA18A006BC4C2 /* Release */,
			);
			defaultConfigurationIsVisible = 0;
			defaultConfigurationName = Release;
		};
		35BA6FC11AAEA18A006BC4C2 /* Build configuration list for PBXNativeTarget "MockupStoryboard" */ = {
			isa = XCConfigurationList;
			buildConfigurations = (
				35BA6FC21AAEA18A006BC4C2 /* Debug */,
				35BA6FC31AAEA18A006BC4C2 /* Release */,
			);
			defaultConfigurationIsVisible = 0;
		};
		35BA6FC41AAEA18A006BC4C2 /* Build configuration list for PBXNativeTarget "MockupStoryboardTests" */ = {
			isa = XCConfigurationList;
			buildConfigurations = (
				35BA6FC51AAEA18A006BC4C2 /* Debug */,
				35BA6FC61AAEA18A006BC4C2 /* Release */,
			);
			defaultConfigurationIsVisible = 0;
		};
/* End XCConfigurationList section */
	};
	rootObject = 35BA6F961AAEA189006BC4C2 /* Project object */;
}
