// !$*UTF8*$!
{
	archiveVersion = 1;
	classes = {
	};
	objectVersion = 46;
	objects = {

/* Begin PBXBuildFile section */
		FB81B3F21A68872500C385D0 /* botonCalcular.jpg in Resources */ = {isa = PBXBuildFile; fileRef = FB81B3F11A68872500C385D0 /* botonCalcular.jpg */; };
		FB81B3F41A68875C00C385D0 /* dinero.jpg in Resources */ = {isa = PBXBuildFile; fileRef = FB81B3F31A68875C00C385D0 /* dinero.jpg */; };
		FB9C68681A68842C007083F6 /* main.m in Sources */ = {isa = PBXBuildFile; fileRef = FB9C68671A68842C007083F6 /* main.m */; };
		FB9C686B1A68842C007083F6 /* AppDelegate.m in Sources */ = {isa = PBXBuildFile; fileRef = FB9C686A1A68842C007083F6 /* AppDelegate.m */; };
		FB9C686E1A68842C007083F6 /* ViewController.m in Sources */ = {isa = PBXBuildFile; fileRef = FB9C686D1A68842C007083F6 /* ViewController.m */; };
		FB9C68711A68842C007083F6 /* Main.storyboard in Resources */ = {isa = PBXBuildFile; fileRef = FB9C686F1A68842C007083F6 /* Main.storyboard */; };
		FB9C68731A68842C007083F6 /* Images.xcassets in Resources */ = {isa = PBXBuildFile; fileRef = FB9C68721A68842C007083F6 /* Images.xcassets */; };
		FB9C68761A68842C007083F6 /* LaunchScreen.xib in Resources */ = {isa = PBXBuildFile; fileRef = FB9C68741A68842C007083F6 /* LaunchScreen.xib */; };
		FB9C68821A68842C007083F6 /* divisasIOSTests.m in Sources */ = {isa = PBXBuildFile; fileRef = FB9C68811A68842C007083F6 /* divisasIOSTests.m */; };
/* End PBXBuildFile section */

/* Begin PBXContainerItemProxy section */
		FB9C687C1A68842C007083F6 /* PBXContainerItemProxy */ = {
			isa = PBXContainerItemProxy;
			containerPortal = FB9C685A1A68842C007083F6 /* Project object */;
			proxyType = 1;
			remoteGlobalIDString = FB9C68611A68842C007083F6;
			remoteInfo = divisasIOS;
		};
/* End PBXContainerItemProxy section */

/* Begin PBXFileReference section */
		FB81B3F11A68872500C385D0 /* botonCalcular.jpg */ = {isa = PBXFileReference; lastKnownFileType = image.jpeg; path = botonCalcular.jpg; sourceTree = "<group>"; };
		FB81B3F31A68875C00C385D0 /* dinero.jpg */ = {isa = PBXFileReference; lastKnownFileType = image.jpeg; path = dinero.jpg; sourceTree = "<group>"; };
		FB9C68621A68842C007083F6 /* divisasIOS.app */ = {isa = PBXFileReference; explicitFileType = wrapper.application; includeInIndex = 0; path = divisasIOS.app; sourceTree = BUILT_PRODUCTS_DIR; };
		FB9C68661A68842C007083F6 /* Info.plist */ = {isa = PBXFileReference; lastKnownFileType = text.plist.xml; path = Info.plist; sourceTree = "<group>"; };
		FB9C68671A68842C007083F6 /* main.m */ = {isa = PBXFileReference; lastKnownFileType = sourcecode.c.objc; path = main.m; sourceTree = "<group>"; };
		FB9C68691A68842C007083F6 /* AppDelegate.h */ = {isa = PBXFileReference; lastKnownFileType = sourcecode.c.h; path = AppDelegate.h; sourceTree = "<group>"; };
		FB9C686A1A68842C007083F6 /* AppDelegate.m */ = {isa = PBXFileReference; lastKnownFileType = sourcecode.c.objc; path = AppDelegate.m; sourceTree = "<group>"; };
		FB9C686C1A68842C007083F6 /* ViewController.h */ = {isa = PBXFileReference; lastKnownFileType = sourcecode.c.h; path = ViewController.h; sourceTree = "<group>"; };
		FB9C686D1A68842C007083F6 /* ViewController.m */ = {isa = PBXFileReference; lastKnownFileType = sourcecode.c.objc; path = ViewController.m; sourceTree = "<group>"; };
		FB9C68701A68842C007083F6 /* Base */ = {isa = PBXFileReference; lastKnownFileType = file.storyboard; name = Base; path = Base.lproj/Main.storyboard; sourceTree = "<group>"; };
		FB9C68721A68842C007083F6 /* Images.xcassets */ = {isa = PBXFileReference; lastKnownFileType = folder.assetcatalog; path = Images.xcassets; sourceTree = "<group>"; };
		FB9C68751A68842C007083F6 /* Base */ = {isa = PBXFileReference; lastKnownFileType = file.xib; name = Base; path = Base.lproj/LaunchScreen.xib; sourceTree = "<group>"; };
		FB9C687B1A68842C007083F6 /* divisasIOSTests.xctest */ = {isa = PBXFileReference; explicitFileType = wrapper.cfbundle; includeInIndex = 0; path = divisasIOSTests.xctest; sourceTree = BUILT_PRODUCTS_DIR; };
		FB9C68801A68842C007083F6 /* Info.plist */ = {isa = PBXFileReference; lastKnownFileType = text.plist.xml; path = Info.plist; sourceTree = "<group>"; };
		FB9C68811A68842C007083F6 /* divisasIOSTests.m */ = {isa = PBXFileReference; lastKnownFileType = sourcecode.c.objc; path = divisasIOSTests.m; sourceTree = "<group>"; };
/* End PBXFileReference section */

/* Begin PBXFrameworksBuildPhase section */
		FB9C685F1A68842C007083F6 /* Frameworks */ = {
			isa = PBXFrameworksBuildPhase;
			buildActionMask = 2147483647;
			files = (
			);
			runOnlyForDeploymentPostprocessing = 0;
		};
		FB9C68781A68842C007083F6 /* Frameworks */ = {
			isa = PBXFrameworksBuildPhase;
			buildActionMask = 2147483647;
			files = (
			);
			runOnlyForDeploymentPostprocessing = 0;
		};
/* End PBXFrameworksBuildPhase section */

/* Begin PBXGroup section */
		FB9C68591A68842C007083F6 = {
			isa = PBXGroup;
			children = (
				FB9C68641A68842C007083F6 /* divisasIOS */,
				FB9C687E1A68842C007083F6 /* divisasIOSTests */,
				FB9C68631A68842C007083F6 /* Products */,
			);
			sourceTree = "<group>";
		};
		FB9C68631A68842C007083F6 /* Products */ = {
			isa = PBXGroup;
			children = (
				FB9C68621A68842C007083F6 /* divisasIOS.app */,
				FB9C687B1A68842C007083F6 /* divisasIOSTests.xctest */,
			);
			name = Products;
			sourceTree = "<group>";
		};
		FB9C68641A68842C007083F6 /* divisasIOS */ = {
			isa = PBXGroup;
			children = (
				FB9C68691A68842C007083F6 /* AppDelegate.h */,
				FB9C686A1A68842C007083F6 /* AppDelegate.m */,
				FB9C686C1A68842C007083F6 /* ViewController.h */,
				FB81B3F31A68875C00C385D0 /* dinero.jpg */,
				FB81B3F11A68872500C385D0 /* botonCalcular.jpg */,
				FB9C686D1A68842C007083F6 /* ViewController.m */,
				FB9C686F1A68842C007083F6 /* Main.storyboard */,
				FB9C68721A68842C007083F6 /* Images.xcassets */,
				FB9C68741A68842C007083F6 /* LaunchScreen.xib */,
				FB9C68651A68842C007083F6 /* Supporting Files */,
			);
			path = divisasIOS;
			sourceTree = "<group>";
		};
		FB9C68651A68842C007083F6 /* Supporting Files */ = {
			isa = PBXGroup;
			children = (
				FB9C68661A68842C007083F6 /* Info.plist */,
				FB9C68671A68842C007083F6 /* main.m */,
			);
			name = "Supporting Files";
			sourceTree = "<group>";
		};
		FB9C687E1A68842C007083F6 /* divisasIOSTests */ = {
			isa = PBXGroup;
			children = (
				FB9C68811A68842C007083F6 /* divisasIOSTests.m */,
				FB9C687F1A68842C007083F6 /* Supporting Files */,
			);
			path = divisasIOSTests;
			sourceTree = "<group>";
		};
		FB9C687F1A68842C007083F6 /* Supporting Files */ = {
			isa = PBXGroup;
			children = (
				FB9C68801A68842C007083F6 /* Info.plist */,
			);
			name = "Supporting Files";
			sourceTree = "<group>";
		};
/* End PBXGroup section */

/* Begin PBXNativeTarget section */
		FB9C68611A68842C007083F6 /* divisasIOS */ = {
			isa = PBXNativeTarget;
			buildConfigurationList = FB9C68851A68842C007083F6 /* Build configuration list for PBXNativeTarget "divisasIOS" */;
			buildPhases = (
				FB9C685E1A68842C007083F6 /* Sources */,
				FB9C685F1A68842C007083F6 /* Frameworks */,
				FB9C68601A68842C007083F6 /* Resources */,
			);
			buildRules = (
			);
			dependencies = (
			);
			name = divisasIOS;
			productName = divisasIOS;
			productReference = FB9C68621A68842C007083F6 /* divisasIOS.app */;
			productType = "com.apple.product-type.application";
		};
		FB9C687A1A68842C007083F6 /* divisasIOSTests */ = {
			isa = PBXNativeTarget;
			buildConfigurationList = FB9C68881A68842C007083F6 /* Build configuration list for PBXNativeTarget "divisasIOSTests" */;
			buildPhases = (
				FB9C68771A68842C007083F6 /* Sources */,
				FB9C68781A68842C007083F6 /* Frameworks */,
				FB9C68791A68842C007083F6 /* Resources */,
			);
			buildRules = (
			);
			dependencies = (
				FB9C687D1A68842C007083F6 /* PBXTargetDependency */,
			);
			name = divisasIOSTests;
			productName = divisasIOSTests;
			productReference = FB9C687B1A68842C007083F6 /* divisasIOSTests.xctest */;
			productType = "com.apple.product-type.bundle.unit-test";
		};
/* End PBXNativeTarget section */

/* Begin PBXProject section */
		FB9C685A1A68842C007083F6 /* Project object */ = {
			isa = PBXProject;
			attributes = {
				LastUpgradeCheck = 0610;
				ORGANIZATIONNAME = "Roberto Ruiz";
				TargetAttributes = {
					FB9C68611A68842C007083F6 = {
						CreatedOnToolsVersion = 6.1.1;
					};
					FB9C687A1A68842C007083F6 = {
						CreatedOnToolsVersion = 6.1.1;
						TestTargetID = FB9C68611A68842C007083F6;
					};
				};
			};
			buildConfigurationList = FB9C685D1A68842C007083F6 /* Build configuration list for PBXProject "divisasIOS" */;
			compatibilityVersion = "Xcode 3.2";
			developmentRegion = English;
			hasScannedForEncodings = 0;
			knownRegions = (
				en,
				Base,
			);
			mainGroup = FB9C68591A68842C007083F6;
			productRefGroup = FB9C68631A68842C007083F6 /* Products */;
			projectDirPath = "";
			projectRoot = "";
			targets = (
				FB9C68611A68842C007083F6 /* divisasIOS */,
				FB9C687A1A68842C007083F6 /* divisasIOSTests */,
			);
		};
/* End PBXProject section */

/* Begin PBXResourcesBuildPhase section */
		FB9C68601A68842C007083F6 /* Resources */ = {
			isa = PBXResourcesBuildPhase;
			buildActionMask = 2147483647;
			files = (
				FB9C68711A68842C007083F6 /* Main.storyboard in Resources */,
				FB81B3F21A68872500C385D0 /* botonCalcular.jpg in Resources */,
				FB81B3F41A68875C00C385D0 /* dinero.jpg in Resources */,
				FB9C68761A68842C007083F6 /* LaunchScreen.xib in Resources */,
				FB9C68731A68842C007083F6 /* Images.xcassets in Resources */,
			);
			runOnlyForDeploymentPostprocessing = 0;
		};
		FB9C68791A68842C007083F6 /* Resources */ = {
			isa = PBXResourcesBuildPhase;
			buildActionMask = 2147483647;
			files = (
			);
			runOnlyForDeploymentPostprocessing = 0;
		};
/* End PBXResourcesBuildPhase section */

/* Begin PBXSourcesBuildPhase section */
		FB9C685E1A68842C007083F6 /* Sources */ = {
			isa = PBXSourcesBuildPhase;
			buildActionMask = 2147483647;
			files = (
				FB9C686E1A68842C007083F6 /* ViewController.m in Sources */,
				FB9C686B1A68842C007083F6 /* AppDelegate.m in Sources */,
				FB9C68681A68842C007083F6 /* main.m in Sources */,
			);
			runOnlyForDeploymentPostprocessing = 0;
		};
		FB9C68771A68842C007083F6 /* Sources */ = {
			isa = PBXSourcesBuildPhase;
			buildActionMask = 2147483647;
			files = (
				FB9C68821A68842C007083F6 /* divisasIOSTests.m in Sources */,
			);
			runOnlyForDeploymentPostprocessing = 0;
		};
/* End PBXSourcesBuildPhase section */

/* Begin PBXTargetDependency section */
		FB9C687D1A68842C007083F6 /* PBXTargetDependency */ = {
			isa = PBXTargetDependency;
			target = FB9C68611A68842C007083F6 /* divisasIOS */;
			targetProxy = FB9C687C1A68842C007083F6 /* PBXContainerItemProxy */;
		};
/* End PBXTargetDependency section */

/* Begin PBXVariantGroup section */
		FB9C686F1A68842C007083F6 /* Main.storyboard */ = {
			isa = PBXVariantGroup;
			children = (
				FB9C68701A68842C007083F6 /* Base */,
			);
			name = Main.storyboard;
			sourceTree = "<group>";
		};
		FB9C68741A68842C007083F6 /* LaunchScreen.xib */ = {
			isa = PBXVariantGroup;
			children = (
				FB9C68751A68842C007083F6 /* Base */,
			);
			name = LaunchScreen.xib;
			sourceTree = "<group>";
		};
/* End PBXVariantGroup section */

/* Begin XCBuildConfiguration section */
		FB9C68831A68842C007083F6 /* Debug */ = {
			isa = XCBuildConfiguration;
			buildSettings = {
				ALWAYS_SEARCH_USER_PATHS = NO;
				CLANG_CXX_LANGUAGE_STANDARD = "gnu++0x";
				CLANG_CXX_LIBRARY = "libc++";
				CLANG_ENABLE_MODULES = YES;
				CLANG_ENABLE_OBJC_ARC = YES;
				CLANG_WARN_BOOL_CONVERSION = YES;
				CLANG_WARN_CONSTANT_CONVERSION = YES;
				CLANG_WARN_DIRECT_OBJC_ISA_USAGE = YES_ERROR;
				CLANG_WARN_EMPTY_BODY = YES;
				CLANG_WARN_ENUM_CONVERSION = YES;
				CLANG_WARN_INT_CONVERSION = YES;
				CLANG_WARN_OBJC_ROOT_CLASS = YES_ERROR;
				CLANG_WARN_UNREACHABLE_CODE = YES;
				CLANG_WARN__DUPLICATE_METHOD_MATCH = YES;
				"CODE_SIGN_IDENTITY[sdk=iphoneos*]" = "iPhone Developer";
				COPY_PHASE_STRIP = NO;
				ENABLE_STRICT_OBJC_MSGSEND = YES;
				GCC_C_LANGUAGE_STANDARD = gnu99;
				GCC_DYNAMIC_NO_PIC = NO;
				GCC_OPTIMIZATION_LEVEL = 0;
				GCC_PREPROCESSOR_DEFINITIONS = (
					"DEBUG=1",
					"$(inherited)",
				);
				GCC_SYMBOLS_PRIVATE_EXTERN = NO;
				GCC_WARN_64_TO_32_BIT_CONVERSION = YES;
				GCC_WARN_ABOUT_RETURN_TYPE = YES_ERROR;
				GCC_WARN_UNDECLARED_SELECTOR = YES;
				GCC_WARN_UNINITIALIZED_AUTOS = YES_AGGRESSIVE;
				GCC_WARN_UNUSED_FUNCTION = YES;
				GCC_WARN_UNUSED_VARIABLE = YES;
				IPHONEOS_DEPLOYMENT_TARGET = 8.1;
				MTL_ENABLE_DEBUG_INFO = YES;
				ONLY_ACTIVE_ARCH = YES;
				SDKROOT = iphoneos;
			};
			name = Debug;
		};
		FB9C68841A68842C007083F6 /* Release */ = {
			isa = XCBuildConfiguration;
			buildSettings = {
				ALWAYS_SEARCH_USER_PATHS = NO;
				CLANG_CXX_LANGUAGE_STANDARD = "gnu++0x";
				CLANG_CXX_LIBRARY = "libc++";
				CLANG_ENABLE_MODULES = YES;
				CLANG_ENABLE_OBJC_ARC = YES;
				CLANG_WARN_BOOL_CONVERSION = YES;
				CLANG_WARN_CONSTANT_CONVERSION = YES;
				CLANG_WARN_DIRECT_OBJC_ISA_USAGE = YES_ERROR;
				CLANG_WARN_EMPTY_BODY = YES;
				CLANG_WARN_ENUM_CONVERSION = YES;
				CLANG_WARN_INT_CONVERSION = YES;
				CLANG_WARN_OBJC_ROOT_CLASS = YES_ERROR;
				CLANG_WARN_UNREACHABLE_CODE = YES;
				CLANG_WARN__DUPLICATE_METHOD_MATCH = YES;
				"CODE_SIGN_IDENTITY[sdk=iphoneos*]" = "iPhone Developer";
				COPY_PHASE_STRIP = YES;
				ENABLE_NS_ASSERTIONS = NO;
				ENABLE_STRICT_OBJC_MSGSEND = YES;
				GCC_C_LANGUAGE_STANDARD = gnu99;
				GCC_WARN_64_TO_32_BIT_CONVERSION = YES;
				GCC_WARN_ABOUT_RETURN_TYPE = YES_ERROR;
				GCC_WARN_UNDECLARED_SELECTOR = YES;
				GCC_WARN_UNINITIALIZED_AUTOS = YES_AGGRESSIVE;
				GCC_WARN_UNUSED_FUNCTION = YES;
				GCC_WARN_UNUSED_VARIABLE = YES;
				IPHONEOS_DEPLOYMENT_TARGET = 8.1;
				MTL_ENABLE_DEBUG_INFO = NO;
				SDKROOT = iphoneos;
				VALIDATE_PRODUCT = YES;
			};
			name = Release;
		};
		FB9C68861A68842C007083F6 /* Debug */ = {
			isa = XCBuildConfiguration;
			buildSettings = {
				ASSETCATALOG_COMPILER_APPICON_NAME = AppIcon;
				INFOPLIST_FILE = divisasIOS/Info.plist;
				LD_RUNPATH_SEARCH_PATHS = "$(inherited) @executable_path/Frameworks";
				PRODUCT_NAME = "$(TARGET_NAME)";
			};
			name = Debug;
		};
		FB9C68871A68842C007083F6 /* Release */ = {
			isa = XCBuildConfiguration;
			buildSettings = {
				ASSETCATALOG_COMPILER_APPICON_NAME = AppIcon;
				INFOPLIST_FILE = divisasIOS/Info.plist;
				LD_RUNPATH_SEARCH_PATHS = "$(inherited) @executable_path/Frameworks";
				PRODUCT_NAME = "$(TARGET_NAME)";
			};
			name = Release;
		};
		FB9C68891A68842C007083F6 /* Debug */ = {
			isa = XCBuildConfiguration;
			buildSettings = {
				BUNDLE_LOADER = "$(TEST_HOST)";
				FRAMEWORK_SEARCH_PATHS = (
					"$(SDKROOT)/Developer/Library/Frameworks",
					"$(inherited)",
				);
				GCC_PREPROCESSOR_DEFINITIONS = (
					"DEBUG=1",
					"$(inherited)",
				);
				INFOPLIST_FILE = divisasIOSTests/Info.plist;
				LD_RUNPATH_SEARCH_PATHS = "$(inherited) @executable_path/Frameworks @loader_path/Frameworks";
				PRODUCT_NAME = "$(TARGET_NAME)";
				TEST_HOST = "$(BUILT_PRODUCTS_DIR)/divisasIOS.app/divisasIOS";
			};
			name = Debug;
		};
		FB9C688A1A68842C007083F6 /* Release */ = {
			isa = XCBuildConfiguration;
			buildSettings = {
				BUNDLE_LOADER = "$(TEST_HOST)";
				FRAMEWORK_SEARCH_PATHS = (
					"$(SDKROOT)/Developer/Library/Frameworks",
					"$(inherited)",
				);
				INFOPLIST_FILE = divisasIOSTests/Info.plist;
				LD_RUNPATH_SEARCH_PATHS = "$(inherited) @executable_path/Frameworks @loader_path/Frameworks";
				PRODUCT_NAME = "$(TARGET_NAME)";
				TEST_HOST = "$(BUILT_PRODUCTS_DIR)/divisasIOS.app/divisasIOS";
			};
			name = Release;
		};
/* End XCBuildConfiguration section */

/* Begin XCConfigurationList section */
		FB9C685D1A68842C007083F6 /* Build configuration list for PBXProject "divisasIOS" */ = {
			isa = XCConfigurationList;
			buildConfigurations = (
				FB9C68831A68842C007083F6 /* Debug */,
				FB9C68841A68842C007083F6 /* Release */,
			);
			defaultConfigurationIsVisible = 0;
			defaultConfigurationName = Release;
		};
		FB9C68851A68842C007083F6 /* Build configuration list for PBXNativeTarget "divisasIOS" */ = {
			isa = XCConfigurationList;
			buildConfigurations = (
				FB9C68861A68842C007083F6 /* Debug */,
				FB9C68871A68842C007083F6 /* Release */,
			);
			defaultConfigurationIsVisible = 0;
			defaultConfigurationName = Release;
		};
		FB9C68881A68842C007083F6 /* Build configuration list for PBXNativeTarget "divisasIOSTests" */ = {
			isa = XCConfigurationList;
			buildConfigurations = (
				FB9C68891A68842C007083F6 /* Debug */,
				FB9C688A1A68842C007083F6 /* Release */,
			);
			defaultConfigurationIsVisible = 0;
			defaultConfigurationName = Release;
		};
/* End XCConfigurationList section */
	};
	rootObject = FB9C685A1A68842C007083F6 /* Project object */;
}
